
Microsoft Visual Studio Solution File, Format Version 12.00
# Visual Studio Version 17
VisualStudioVersion = 17.8.34525.116
MinimumVisualStudioVersion = 10.0.40219.1
Project("{FAE04EC0-301F-11D3-BF4B-00C04F79EFBC}") = "TelegramBotDemo", "TelegramBotDemo\TelegramBotDemo.csproj", "{6998574A-ADDF-4699-8A74-BF2B1E9EFDCF}"
EndProject
Global
	GlobalSection(SolutionConfigurationPlatforms) = preSolution
		Debug|Any CPU = Debug|Any CPU
		Release|Any CPU = Release|Any CPU
	EndGlobalSection
	GlobalSection(ProjectConfigurationPlatforms) = postSolution
		{6998574A-ADDF-4699-8A74-BF2B1E9EFDCF}.Debug|Any CPU.ActiveCfg = Debug|Any CPU
		{6998574A-ADDF-4699-8A74-BF2B1E9EFDCF}.Debug|Any CPU.Build.0 = Debug|Any CPU
		{6998574A-ADDF-4699-8A74-BF2B1E9EFDCF}.Release|Any CPU.ActiveCfg = Release|Any CPU
		{6998574A-ADDF-4699-8A74-BF2B1E9EFDCF}.Release|Any CPU.Build.0 = Release|Any CPU
	EndGlobalSection
	GlobalSection(SolutionProperties) = preSolution
		HideSolutionNode = FALSE
	EndGlobalSection
	GlobalSection(ExtensibilityGlobals) = postSolution
		SolutionGuid = {01E653BC-12BF-4018-9321-18559C471651}
	EndGlobalSection
EndGlobal
